
Microsoft Visual Studio Solution File, Format Version 12.00
# Visual Studio Version 17
VisualStudioVersion = 17.7.34024.191
MinimumVisualStudioVersion = 10.0.40219.1
Project("{FAE04EC0-301F-11D3-BF4B-00C04F79EFBC}") = "MauiCrud", "MauiCrud.csproj", "{FB5A5809-A39C-49DF-B0C3-4819C508EE98}"
EndProject
Global
	GlobalSection(SolutionConfigurationPlatforms) = preSolution
		Debug|Any CPU = Debug|Any CPU
		Release|Any CPU = Release|Any CPU
	EndGlobalSection
	GlobalSection(ProjectConfigurationPlatforms) = postSolution
		{FB5A5809-A39C-49DF-B0C3-4819C508EE98}.Debug|Any CPU.ActiveCfg = Debug|Any CPU
		{FB5A5809-A39C-49DF-B0C3-4819C508EE98}.Debug|Any CPU.Build.0 = Debug|Any CPU
		{FB5A5809-A39C-49DF-B0C3-4819C508EE98}.Debug|Any CPU.Deploy.0 = Debug|Any CPU
		{FB5A5809-A39C-49DF-B0C3-4819C508EE98}.Release|Any CPU.ActiveCfg = Release|Any CPU
		{FB5A5809-A39C-49DF-B0C3-4819C508EE98}.Release|Any CPU.Build.0 = Release|Any CPU
		{FB5A5809-A39C-49DF-B0C3-4819C508EE98}.Release|Any CPU.Deploy.0 = Release|Any CPU
	EndGlobalSection
	GlobalSection(SolutionProperties) = preSolution
		HideSolutionNode = FALSE
	EndGlobalSection
	GlobalSection(ExtensibilityGlobals) = postSolution
		SolutionGuid = {104B699A-05EA-4499-82E4-56643E1FC3AD}
	EndGlobalSection
EndGlobal
