
Microsoft Visual Studio Solution File, Format Version 12.00
# Visual Studio Version 17
VisualStudioVersion = 17.7.34031.279
MinimumVisualStudioVersion = 10.0.40219.1
Project("{9A19103F-16F7-4668-BE54-9A1E7A4F7556}") = "MauiApiRest", "MauiApiRest.csproj", "{EDC81AC8-A29B-46C2-B252-B5D7C74B40F8}"
EndProject
Global
	GlobalSection(SolutionConfigurationPlatforms) = preSolution
		Debug|Any CPU = Debug|Any CPU
		Release|Any CPU = Release|Any CPU
	EndGlobalSection
	GlobalSection(ProjectConfigurationPlatforms) = postSolution
		{EDC81AC8-A29B-46C2-B252-B5D7C74B40F8}.Debug|Any CPU.ActiveCfg = Debug|Any CPU
		{EDC81AC8-A29B-46C2-B252-B5D7C74B40F8}.Debug|Any CPU.Build.0 = Debug|Any CPU
		{EDC81AC8-A29B-46C2-B252-B5D7C74B40F8}.Debug|Any CPU.Deploy.0 = Debug|Any CPU
		{EDC81AC8-A29B-46C2-B252-B5D7C74B40F8}.Release|Any CPU.ActiveCfg = Release|Any CPU
		{EDC81AC8-A29B-46C2-B252-B5D7C74B40F8}.Release|Any CPU.Build.0 = Release|Any CPU
		{EDC81AC8-A29B-46C2-B252-B5D7C74B40F8}.Release|Any CPU.Deploy.0 = Release|Any CPU
	EndGlobalSection
	GlobalSection(SolutionProperties) = preSolution
		HideSolutionNode = FALSE
	EndGlobalSection
	GlobalSection(ExtensibilityGlobals) = postSolution
		SolutionGuid = {FD8AF131-F171-4D55-ABC5-366124EA5D0E}
	EndGlobalSection
EndGlobal
