
Microsoft Visual Studio Solution File, Format Version 12.00
# Visual Studio Version 17
VisualStudioVersion = 17.7.34031.279
MinimumVisualStudioVersion = 10.0.40219.1
Project("{FAE04EC0-301F-11D3-BF4B-00C04F79EFBC}") = "JM-APP", "JM-APP.csproj", "{A26FF0C5-DA44-42C1-9213-DD0B302B4D41}"
EndProject
Global
	GlobalSection(SolutionConfigurationPlatforms) = preSolution
		Debug|Any CPU = Debug|Any CPU
		Release|Any CPU = Release|Any CPU
	EndGlobalSection
	GlobalSection(ProjectConfigurationPlatforms) = postSolution
		{A26FF0C5-DA44-42C1-9213-DD0B302B4D41}.Debug|Any CPU.ActiveCfg = Debug|Any CPU
		{A26FF0C5-DA44-42C1-9213-DD0B302B4D41}.Debug|Any CPU.Build.0 = Debug|Any CPU
		{A26FF0C5-DA44-42C1-9213-DD0B302B4D41}.Debug|Any CPU.Deploy.0 = Debug|Any CPU
		{A26FF0C5-DA44-42C1-9213-DD0B302B4D41}.Release|Any CPU.ActiveCfg = Release|Any CPU
		{A26FF0C5-DA44-42C1-9213-DD0B302B4D41}.Release|Any CPU.Build.0 = Release|Any CPU
		{A26FF0C5-DA44-42C1-9213-DD0B302B4D41}.Release|Any CPU.Deploy.0 = Release|Any CPU
	EndGlobalSection
	GlobalSection(SolutionProperties) = preSolution
		HideSolutionNode = FALSE
	EndGlobalSection
	GlobalSection(ExtensibilityGlobals) = postSolution
		SolutionGuid = {2570F56D-FDDB-4EA3-9DBF-74D7416A2AE3}
	EndGlobalSection
EndGlobal
