
Microsoft Visual Studio Solution File, Format Version 12.00
# Visual Studio Version 17
VisualStudioVersion = 17.7.34024.191
MinimumVisualStudioVersion = 10.0.40219.1
Project("{FAE04EC0-301F-11D3-BF4B-00C04F79EFBC}") = "OficinaApp", "OficinaApp.csproj", "{06ECBF32-AB0A-4EB4-AF33-9342BB69DB6E}"
EndProject
Global
	GlobalSection(SolutionConfigurationPlatforms) = preSolution
		Debug|Any CPU = Debug|Any CPU
		Release|Any CPU = Release|Any CPU
	EndGlobalSection
	GlobalSection(ProjectConfigurationPlatforms) = postSolution
		{06ECBF32-AB0A-4EB4-AF33-9342BB69DB6E}.Debug|Any CPU.ActiveCfg = Debug|Any CPU
		{06ECBF32-AB0A-4EB4-AF33-9342BB69DB6E}.Debug|Any CPU.Build.0 = Debug|Any CPU
		{06ECBF32-AB0A-4EB4-AF33-9342BB69DB6E}.Debug|Any CPU.Deploy.0 = Debug|Any CPU
		{06ECBF32-AB0A-4EB4-AF33-9342BB69DB6E}.Release|Any CPU.ActiveCfg = Release|Any CPU
		{06ECBF32-AB0A-4EB4-AF33-9342BB69DB6E}.Release|Any CPU.Build.0 = Release|Any CPU
		{06ECBF32-AB0A-4EB4-AF33-9342BB69DB6E}.Release|Any CPU.Deploy.0 = Release|Any CPU
	EndGlobalSection
	GlobalSection(SolutionProperties) = preSolution
		HideSolutionNode = FALSE
	EndGlobalSection
	GlobalSection(ExtensibilityGlobals) = postSolution
		SolutionGuid = {1089686E-3936-4538-95F4-54BFB378E28F}
	EndGlobalSection
EndGlobal
