
Microsoft Visual Studio Solution File, Format Version 12.00
# Visual Studio Version 17
VisualStudioVersion = 17.7.34024.191
MinimumVisualStudioVersion = 10.0.40219.1
Project("{FAE04EC0-301F-11D3-BF4B-00C04F79EFBC}") = "MyFirstMauiApp", "MyFirstMauiApp.csproj", "{83A8E7FD-627A-4912-BECD-B9B1F451312C}"
EndProject
Global
	GlobalSection(SolutionConfigurationPlatforms) = preSolution
		Debug|Any CPU = Debug|Any CPU
		Release|Any CPU = Release|Any CPU
	EndGlobalSection
	GlobalSection(ProjectConfigurationPlatforms) = postSolution
		{83A8E7FD-627A-4912-BECD-B9B1F451312C}.Debug|Any CPU.ActiveCfg = Debug|Any CPU
		{83A8E7FD-627A-4912-BECD-B9B1F451312C}.Debug|Any CPU.Build.0 = Debug|Any CPU
		{83A8E7FD-627A-4912-BECD-B9B1F451312C}.Debug|Any CPU.Deploy.0 = Debug|Any CPU
		{83A8E7FD-627A-4912-BECD-B9B1F451312C}.Release|Any CPU.ActiveCfg = Release|Any CPU
		{83A8E7FD-627A-4912-BECD-B9B1F451312C}.Release|Any CPU.Build.0 = Release|Any CPU
		{83A8E7FD-627A-4912-BECD-B9B1F451312C}.Release|Any CPU.Deploy.0 = Release|Any CPU
	EndGlobalSection
	GlobalSection(SolutionProperties) = preSolution
		HideSolutionNode = FALSE
	EndGlobalSection
	GlobalSection(ExtensibilityGlobals) = postSolution
		SolutionGuid = {334FDAE2-C185-48D7-85BA-3AB805C1C33B}
	EndGlobalSection
EndGlobal
